
Microsoft Visual Studio Solution File, Format Version 12.00
# Visual Studio Version 16
VisualStudioVersion = 16.0.28803.352
MinimumVisualStudioVersion = 10.0.40219.1
Project("{FAE04EC0-301F-11D3-BF4B-00C04F79EFBC}") = "MattEland.Emergence.WpfCore", "MattEland.Emergence.WpfCore\MattEland.Emergence.WpfCore.csproj", "{EDA75354-1417-460E-AD30-39A582275059}"
EndProject
Project("{FAE04EC0-301F-11D3-BF4B-00C04F79EFBC}") = "MattEland.Emergence.EngineTests", "MattEland.Emergence.EngineTests\MattEland.Emergence.EngineTests.csproj", "{E503C2A6-64BA-41AD-9C3B-73981AE31F1E}"
EndProject
Project("{9A19103F-16F7-4668-BE54-9A1E7A4F7556}") = "MattEland.Emergence.Engine", "MattEland.Emergence.Engine\MattEland.Emergence.Engine.csproj", "{220FF354-1743-435C-AFF5-79C714598AD7}"
EndProject
Project("{9A19103F-16F7-4668-BE54-9A1E7A4F7556}") = "MattEland.Emergence.Definitions", "MattEland.Emergence.Definitions\MattEland.Emergence.Definitions.csproj", "{ED2B3C34-8367-4C4D-8D99-0CB8B7689EF2}"
EndProject
Project("{9A19103F-16F7-4668-BE54-9A1E7A4F7556}") = "MattEland.Emergence.LevelGeneration", "MattEland.Emergence.LevelGeneration\MattEland.Emergence.LevelGeneration.csproj", "{6DF627C5-2BFE-43A0-BFCD-E400232F6677}"
EndProject
Project("{9A19103F-16F7-4668-BE54-9A1E7A4F7556}") = "MattEland.Emergence.Helpers", "MattEland.Emergence.Helpers\MattEland.Emergence.Helpers.csproj", "{12937E2E-55AD-4E40-B61D-49DE7F612B6C}"
EndProject
Project("{9A19103F-16F7-4668-BE54-9A1E7A4F7556}") = "MattEland.Emergence.SharedServices", "MattEland.Emergence.SharedServices\MattEland.Emergence.SharedServices.csproj", "{DF0DDEE8-459B-4345-8346-E8E228E69945}"
EndProject
Project("{9A19103F-16F7-4668-BE54-9A1E7A4F7556}") = "MattEland.Emergence.AI", "MattEland.Emergence.Core.AI\MattEland.Emergence.AI.csproj", "{99359747-5AFD-493F-A5E7-4B74551F7E92}"
EndProject
Project("{9A19103F-16F7-4668-BE54-9A1E7A4F7556}") = "MattEland.Emergence.Vision", "MattEland.Emergence.Vision\MattEland.Emergence.Vision.csproj", "{02B76C84-F6F3-4B0B-8D63-232E3DA46514}"
EndProject
Project("{9A19103F-16F7-4668-BE54-9A1E7A4F7556}") = "MattEland.Emergence.Commands", "MattEland.Emergence.Commands\MattEland.Emergence.Commands.csproj", "{FA81910A-C291-4072-B0F0-E46F2D9577B5}"
EndProject
Global
	GlobalSection(SolutionConfigurationPlatforms) = preSolution
		Debug|Any CPU = Debug|Any CPU
		Release|Any CPU = Release|Any CPU
	EndGlobalSection
	GlobalSection(ProjectConfigurationPlatforms) = postSolution
		{EDA75354-1417-460E-AD30-39A582275059}.Debug|Any CPU.ActiveCfg = Debug|Any CPU
		{EDA75354-1417-460E-AD30-39A582275059}.Debug|Any CPU.Build.0 = Debug|Any CPU
		{EDA75354-1417-460E-AD30-39A582275059}.Release|Any CPU.ActiveCfg = Release|Any CPU
		{EDA75354-1417-460E-AD30-39A582275059}.Release|Any CPU.Build.0 = Release|Any CPU
		{E503C2A6-64BA-41AD-9C3B-73981AE31F1E}.Debug|Any CPU.ActiveCfg = Debug|Any CPU
		{E503C2A6-64BA-41AD-9C3B-73981AE31F1E}.Debug|Any CPU.Build.0 = Debug|Any CPU
		{E503C2A6-64BA-41AD-9C3B-73981AE31F1E}.Release|Any CPU.ActiveCfg = Release|Any CPU
		{E503C2A6-64BA-41AD-9C3B-73981AE31F1E}.Release|Any CPU.Build.0 = Release|Any CPU
		{220FF354-1743-435C-AFF5-79C714598AD7}.Debug|Any CPU.ActiveCfg = Debug|Any CPU
		{220FF354-1743-435C-AFF5-79C714598AD7}.Debug|Any CPU.Build.0 = Debug|Any CPU
		{220FF354-1743-435C-AFF5-79C714598AD7}.Release|Any CPU.ActiveCfg = Release|Any CPU
		{220FF354-1743-435C-AFF5-79C714598AD7}.Release|Any CPU.Build.0 = Release|Any CPU
		{ED2B3C34-8367-4C4D-8D99-0CB8B7689EF2}.Debug|Any CPU.ActiveCfg = Debug|Any CPU
		{ED2B3C34-8367-4C4D-8D99-0CB8B7689EF2}.Debug|Any CPU.Build.0 = Debug|Any CPU
		{ED2B3C34-8367-4C4D-8D99-0CB8B7689EF2}.Release|Any CPU.ActiveCfg = Release|Any CPU
		{ED2B3C34-8367-4C4D-8D99-0CB8B7689EF2}.Release|Any CPU.Build.0 = Release|Any CPU
		{6DF627C5-2BFE-43A0-BFCD-E400232F6677}.Debug|Any CPU.ActiveCfg = Debug|Any CPU
		{6DF627C5-2BFE-43A0-BFCD-E400232F6677}.Debug|Any CPU.Build.0 = Debug|Any CPU
		{6DF627C5-2BFE-43A0-BFCD-E400232F6677}.Release|Any CPU.ActiveCfg = Release|Any CPU
		{6DF627C5-2BFE-43A0-BFCD-E400232F6677}.Release|Any CPU.Build.0 = Release|Any CPU
		{12937E2E-55AD-4E40-B61D-49DE7F612B6C}.Debug|Any CPU.ActiveCfg = Debug|Any CPU
		{12937E2E-55AD-4E40-B61D-49DE7F612B6C}.Debug|Any CPU.Build.0 = Debug|Any CPU
		{12937E2E-55AD-4E40-B61D-49DE7F612B6C}.Release|Any CPU.ActiveCfg = Release|Any CPU
		{12937E2E-55AD-4E40-B61D-49DE7F612B6C}.Release|Any CPU.Build.0 = Release|Any CPU
		{DF0DDEE8-459B-4345-8346-E8E228E69945}.Debug|Any CPU.ActiveCfg = Debug|Any CPU
		{DF0DDEE8-459B-4345-8346-E8E228E69945}.Debug|Any CPU.Build.0 = Debug|Any CPU
		{DF0DDEE8-459B-4345-8346-E8E228E69945}.Release|Any CPU.ActiveCfg = Release|Any CPU
		{DF0DDEE8-459B-4345-8346-E8E228E69945}.Release|Any CPU.Build.0 = Release|Any CPU
		{99359747-5AFD-493F-A5E7-4B74551F7E92}.Debug|Any CPU.ActiveCfg = Debug|Any CPU
		{99359747-5AFD-493F-A5E7-4B74551F7E92}.Debug|Any CPU.Build.0 = Debug|Any CPU
		{99359747-5AFD-493F-A5E7-4B74551F7E92}.Release|Any CPU.ActiveCfg = Release|Any CPU
		{99359747-5AFD-493F-A5E7-4B74551F7E92}.Release|Any CPU.Build.0 = Release|Any CPU
		{02B76C84-F6F3-4B0B-8D63-232E3DA46514}.Debug|Any CPU.ActiveCfg = Debug|Any CPU
		{02B76C84-F6F3-4B0B-8D63-232E3DA46514}.Debug|Any CPU.Build.0 = Debug|Any CPU
		{02B76C84-F6F3-4B0B-8D63-232E3DA46514}.Release|Any CPU.ActiveCfg = Release|Any CPU
		{02B76C84-F6F3-4B0B-8D63-232E3DA46514}.Release|Any CPU.Build.0 = Release|Any CPU
		{FA81910A-C291-4072-B0F0-E46F2D9577B5}.Debug|Any CPU.ActiveCfg = Debug|Any CPU
		{FA81910A-C291-4072-B0F0-E46F2D9577B5}.Debug|Any CPU.Build.0 = Debug|Any CPU
		{FA81910A-C291-4072-B0F0-E46F2D9577B5}.Release|Any CPU.ActiveCfg = Release|Any CPU
		{FA81910A-C291-4072-B0F0-E46F2D9577B5}.Release|Any CPU.Build.0 = Release|Any CPU
	EndGlobalSection
	GlobalSection(SolutionProperties) = preSolution
		HideSolutionNode = FALSE
	EndGlobalSection
	GlobalSection(ExtensibilityGlobals) = postSolution
		SolutionGuid = {C5AF243D-4EC2-4A85-9BA2-96D2303D02EE}
	EndGlobalSection
EndGlobal
