
Microsoft Visual Studio Solution File, Format Version 12.00
# Visual Studio Version 16
VisualStudioVersion = 16.0.28803.352
MinimumVisualStudioVersion = 10.0.40219.1
Project("{FAE04EC0-301F-11D3-BF4B-00C04F79EFBC}") = "MattEland.Emergence.WinCore", "MattEland.Emergence.WinCore\MattEland.Emergence.WinCore.csproj", "{692C8412-DE1E-4AF5-986E-708012B05FFD}"
EndProject
Global
	GlobalSection(SolutionConfigurationPlatforms) = preSolution
		Debug|Any CPU = Debug|Any CPU
		Release|Any CPU = Release|Any CPU
	EndGlobalSection
	GlobalSection(ProjectConfigurationPlatforms) = postSolution
		{692C8412-DE1E-4AF5-986E-708012B05FFD}.Debug|Any CPU.ActiveCfg = Debug|Any CPU
		{692C8412-DE1E-4AF5-986E-708012B05FFD}.Debug|Any CPU.Build.0 = Debug|Any CPU
		{692C8412-DE1E-4AF5-986E-708012B05FFD}.Release|Any CPU.ActiveCfg = Release|Any CPU
		{692C8412-DE1E-4AF5-986E-708012B05FFD}.Release|Any CPU.Build.0 = Release|Any CPU
	EndGlobalSection
	GlobalSection(SolutionProperties) = preSolution
		HideSolutionNode = FALSE
	EndGlobalSection
	GlobalSection(ExtensibilityGlobals) = postSolution
		SolutionGuid = {C5AF243D-4EC2-4A85-9BA2-96D2303D02EE}
	EndGlobalSection
EndGlobal
