
Microsoft Visual Studio Solution File, Format Version 12.00
# Visual Studio Version 16
VisualStudioVersion = 16.0.28803.352
MinimumVisualStudioVersion = 10.0.40219.1
Project("{9A19103F-16F7-4668-BE54-9A1E7A4F7556}") = "MattEland.Emergence.WinCore", "MattEland.Emergence.WinCore\MattEland.Emergence.WinCore.csproj", "{692C8412-DE1E-4AF5-986E-708012B05FFD}"
EndProject
Project("{6EC3EE1D-3C4E-46DD-8F32-0CC8E7565705}") = "MattEland.Emergence.Domain", "MattEland.Emergence.Domain\MattEland.Emergence.Domain.fsproj", "{D95D2757-C22D-47DE-B9AD-2CA313F60913}"
EndProject
Project("{6EC3EE1D-3C4E-46DD-8F32-0CC8E7565705}") = "MattEland.Emergence.LevelGen", "MattEland.Emergence.LevelGen\MattEland.Emergence.LevelGen.fsproj", "{346CEA41-97F1-4F74-BA4E-6BA50E9B097A}"
EndProject
Project("{6EC3EE1D-3C4E-46DD-8F32-0CC8E7565705}") = "MattEland.Shared.Functions", "MattEland.Shared.Functions\MattEland.Shared.Functions.fsproj", "{E87D2E11-1829-443B-87FD-5F096374D179}"
EndProject
Project("{FAE04EC0-301F-11D3-BF4B-00C04F79EFBC}") = "MattEland.Emergence.WpfCore", "MattEland.Emergence.WpfCore\MattEland.Emergence.WpfCore.csproj", "{EDA75354-1417-460E-AD30-39A582275059}"
EndProject
Project("{FAE04EC0-301F-11D3-BF4B-00C04F79EFBC}") = "MattEland.Emergence.LevelData", "MattEland.Emergence.LevelData\MattEland.Emergence.LevelData.csproj", "{14E5BEC6-EC82-43A4-AD76-FF52BF04C506}"
EndProject
Global
	GlobalSection(SolutionConfigurationPlatforms) = preSolution
		Debug|Any CPU = Debug|Any CPU
		Release|Any CPU = Release|Any CPU
	EndGlobalSection
	GlobalSection(ProjectConfigurationPlatforms) = postSolution
		{692C8412-DE1E-4AF5-986E-708012B05FFD}.Debug|Any CPU.ActiveCfg = Debug|Any CPU
		{692C8412-DE1E-4AF5-986E-708012B05FFD}.Debug|Any CPU.Build.0 = Debug|Any CPU
		{692C8412-DE1E-4AF5-986E-708012B05FFD}.Release|Any CPU.ActiveCfg = Release|Any CPU
		{692C8412-DE1E-4AF5-986E-708012B05FFD}.Release|Any CPU.Build.0 = Release|Any CPU
		{D95D2757-C22D-47DE-B9AD-2CA313F60913}.Debug|Any CPU.ActiveCfg = Debug|Any CPU
		{D95D2757-C22D-47DE-B9AD-2CA313F60913}.Debug|Any CPU.Build.0 = Debug|Any CPU
		{D95D2757-C22D-47DE-B9AD-2CA313F60913}.Release|Any CPU.ActiveCfg = Release|Any CPU
		{D95D2757-C22D-47DE-B9AD-2CA313F60913}.Release|Any CPU.Build.0 = Release|Any CPU
		{346CEA41-97F1-4F74-BA4E-6BA50E9B097A}.Debug|Any CPU.ActiveCfg = Debug|Any CPU
		{346CEA41-97F1-4F74-BA4E-6BA50E9B097A}.Debug|Any CPU.Build.0 = Debug|Any CPU
		{346CEA41-97F1-4F74-BA4E-6BA50E9B097A}.Release|Any CPU.ActiveCfg = Release|Any CPU
		{346CEA41-97F1-4F74-BA4E-6BA50E9B097A}.Release|Any CPU.Build.0 = Release|Any CPU
		{E87D2E11-1829-443B-87FD-5F096374D179}.Debug|Any CPU.ActiveCfg = Debug|Any CPU
		{E87D2E11-1829-443B-87FD-5F096374D179}.Debug|Any CPU.Build.0 = Debug|Any CPU
		{E87D2E11-1829-443B-87FD-5F096374D179}.Release|Any CPU.ActiveCfg = Release|Any CPU
		{E87D2E11-1829-443B-87FD-5F096374D179}.Release|Any CPU.Build.0 = Release|Any CPU
		{EDA75354-1417-460E-AD30-39A582275059}.Debug|Any CPU.ActiveCfg = Debug|Any CPU
		{EDA75354-1417-460E-AD30-39A582275059}.Debug|Any CPU.Build.0 = Debug|Any CPU
		{EDA75354-1417-460E-AD30-39A582275059}.Release|Any CPU.ActiveCfg = Release|Any CPU
		{EDA75354-1417-460E-AD30-39A582275059}.Release|Any CPU.Build.0 = Release|Any CPU
		{14E5BEC6-EC82-43A4-AD76-FF52BF04C506}.Debug|Any CPU.ActiveCfg = Debug|Any CPU
		{14E5BEC6-EC82-43A4-AD76-FF52BF04C506}.Debug|Any CPU.Build.0 = Debug|Any CPU
		{14E5BEC6-EC82-43A4-AD76-FF52BF04C506}.Release|Any CPU.ActiveCfg = Release|Any CPU
		{14E5BEC6-EC82-43A4-AD76-FF52BF04C506}.Release|Any CPU.Build.0 = Release|Any CPU
	EndGlobalSection
	GlobalSection(SolutionProperties) = preSolution
		HideSolutionNode = FALSE
	EndGlobalSection
	GlobalSection(ExtensibilityGlobals) = postSolution
		SolutionGuid = {C5AF243D-4EC2-4A85-9BA2-96D2303D02EE}
	EndGlobalSection
EndGlobal
